{
  "name": "purescript-nix-test",
  "version": "1.0.0",
  "lockfileVersion": 3,
  "requires": true,
  "packages": {
    "": {
      "name": "purescript-nix-test",
      "version": "1.0.0",
      "license": "ISC",
      "dependencies": {
        "blessed": "^0.1.81",
        "generate-unique-id": "^2.0.3"
      }
    },
    "node_modules/blessed": {
      "version": "0.1.81",
      "resolved": "https://registry.npmjs.org/blessed/-/blessed-0.1.81.tgz",
      "integrity": "sha512-LoF5gae+hlmfORcG1M5+5XZi4LBmvlXTzwJWzUlPryN/SJdSflZvROM2TwkT0GMpq7oqT48NRd4GS7BiVBc5OQ==",
      "license": "MIT",
      "bin": {
        "blessed": "bin/tput.js"
      },
      "engines": {
        "node": ">= 0.8.0"
      }
    },
    "node_modules/generate-unique-id": {
      "version": "2.0.3",
      "resolved": "https://registry.npmjs.org/generate-unique-id/-/generate-unique-id-2.0.3.tgz",
      "integrity": "sha512-oADhkjv6nsiHNJNa+kCe/h6vqgooEPmASHU40hWGbhDODb/xKp5ej7l+7BNs3bQ/v8DCbaVJ42//kN2umQfr6A==",
      "license": "MIT"
    }
  }
}
